{
  "version": 4,
  "terraform_version": "1.14.3",
  "serial": 11,
  "lineage": "2274a923-ba51-08d0-86c0-351e1f6ae5f8",
  "outputs": {},
  "resources": [
    {
      "mode": "managed",
      "type": "aws_cloudwatch_event_rule",
      "name": "daily_audit",
      "provider": "provider[\"registry.terraform.io/hashicorp/aws\"]",
      "instances": [
        {
          "schema_version": 1,
          "attributes": {
            "arn": "arn:aws:events:us-east-1:312846473135:rule/DailyIAMKeyAudit",
            "description": "",
            "event_bus_name": "default",
            "event_pattern": null,
            "force_destroy": false,
            "id": "DailyIAMKeyAudit",
            "is_enabled": true,
            "name": "DailyIAMKeyAudit",
            "name_prefix": "",
            "role_arn": "",
            "schedule_expression": "cron(0 0 * * ? *)",
            "state": "ENABLED",
            "tags": null,
            "tags_all": {}
          },
          "sensitive_attributes": [],
          "identity_schema_version": 0,
          "private": "eyJzY2hlbWFfdmVyc2lvbiI6IjEifQ=="
        }
      ]
    },
    {
      "mode": "managed",
      "type": "aws_iam_policy",
      "name": "user_restricted_policy",
      "provider": "provider[\"registry.terraform.io/hashicorp/aws\"]",
      "instances": [
        {
          "schema_version": 0,
          "attributes": {
            "arn": "arn:aws:iam::312846473135:policy/UserS3AndKeyRotationPolicy",
            "attachment_count": 0,
            "description": "Allows S3 operations and self-rotation of IAM keys",
            "id": "arn:aws:iam::312846473135:policy/UserS3AndKeyRotationPolicy",
            "name": "UserS3AndKeyRotationPolicy",
            "name_prefix": "",
            "path": "/",
            "policy": "{\"Statement\":[{\"Action\":[\"s3:GetObject\",\"s3:PutObject\",\"s3:DeleteObject\",\"s3:ListBucket\"],\"Effect\":\"Allow\",\"Resource\":[\"arn:aws:s3:::vishnu-pooja-storage-2025\",\"arn:aws:s3:::vishnu-pooja-storage-2025/*\"]},{\"Action\":[\"iam:CreateAccessKey\",\"iam:DeleteAccessKey\",\"iam:UpdateAccessKey\",\"iam:ListAccessKeys\"],\"Effect\":\"Allow\",\"Resource\":\"arn:aws:iam::*:user/${aws:username}\"}],\"Version\":\"2012-10-17\"}",
            "policy_id": "ANPAURVY2K6XRDMLZDXK6",
            "tags": null,
            "tags_all": {}
          },
          "sensitive_attributes": [],
          "identity_schema_version": 0,
          "private": "bnVsbA=="
        }
      ]
    },
    {
      "mode": "managed",
      "type": "aws_iam_role",
      "name": "lambda_exec_role",
      "provider": "provider[\"registry.terraform.io/hashicorp/aws\"]",
      "instances": [
        {
          "schema_version": 0,
          "attributes": {
            "arn": "arn:aws:iam::312846473135:role/KeyRotationAlertRole",
            "assume_role_policy": "{\"Statement\":[{\"Action\":\"sts:AssumeRole\",\"Effect\":\"Allow\",\"Principal\":{\"Service\":\"lambda.amazonaws.com\"}}],\"Version\":\"2012-10-17\"}",
            "create_date": "2026-01-01T06:49:46Z",
            "description": "",
            "force_detach_policies": false,
            "id": "KeyRotationAlertRole",
            "inline_policy": [],
            "managed_policy_arns": [],
            "max_session_duration": 3600,
            "name": "KeyRotationAlertRole",
            "name_prefix": "",
            "path": "/",
            "permissions_boundary": "",
            "tags": null,
            "tags_all": {},
            "unique_id": "AROAURVY2K6XX5AACZZXO"
          },
          "sensitive_attributes": [],
          "identity_schema_version": 0,
          "private": "bnVsbA=="
        }
      ]
    },
    {
      "mode": "managed",
      "type": "aws_iam_role_policy_attachment",
      "name": "lambda_ses_iam",
      "provider": "provider[\"registry.terraform.io/hashicorp/aws\"]",
      "instances": [
        {
          "schema_version": 0,
          "attributes": {
            "id": "KeyRotationAlertRole-20260101064946811000000003",
            "policy_arn": "arn:aws:iam::aws:policy/AmazonSESFullAccess",
            "role": "KeyRotationAlertRole"
          },
          "sensitive_attributes": [],
          "identity_schema_version": 0,
          "private": "bnVsbA==",
          "dependencies": [
            "aws_iam_role.lambda_exec_role"
          ]
        }
      ]
    },
    {
      "mode": "managed",
      "type": "aws_iam_user",
      "name": "project_users",
      "provider": "provider[\"registry.terraform.io/hashicorp/aws\"]",
      "instances": [
        {
          "index_key": "poojaaishwaya.bonthhula",
          "schema_version": 0,
          "attributes": {
            "arn": "arn:aws:iam::312846473135:user/poojaaishwaya.bonthhula",
            "force_destroy": false,
            "id": "poojaaishwaya.bonthhula",
            "name": "poojaaishwaya.bonthhula",
            "path": "/",
            "permissions_boundary": "",
            "tags": null,
            "tags_all": {},
            "unique_id": "AIDAURVY2K6X3EE5EV4WK"
          },
          "sensitive_attributes": [],
          "identity_schema_version": 0,
          "private": "bnVsbA=="
        },
        {
          "index_key": "vishnu.kosuri121212@gmail.com",
          "schema_version": 0,
          "attributes": {
            "arn": "arn:aws:iam::312846473135:user/vishnu.kosuri121212@gmail.com",
            "force_destroy": false,
            "id": "vishnu.kosuri121212@gmail.com",
            "name": "vishnu.kosuri121212@gmail.com",
            "path": "/",
            "permissions_boundary": "",
            "tags": null,
            "tags_all": {},
            "unique_id": "AIDAURVY2K6XVF2G2QIUU"
          },
          "sensitive_attributes": [],
          "identity_schema_version": 0,
          "private": "bnVsbA=="
        }
      ]
    },
    {
      "mode": "managed",
      "type": "aws_iam_user_policy_attachment",
      "name": "attach_policy",
      "provider": "provider[\"registry.terraform.io/hashicorp/aws\"]",
      "instances": [
        {
          "index_key": "poojaaishwaya.bonthhula",
          "schema_version": 0,
          "attributes": {
            "id": "poojaaishwaya.bonthhula-20260101064946754800000001",
            "policy_arn": "arn:aws:iam::312846473135:policy/UserS3AndKeyRotationPolicy",
            "user": "poojaaishwaya.bonthhula"
          },
          "sensitive_attributes": [],
          "identity_schema_version": 0,
          "private": "bnVsbA==",
          "dependencies": [
            "aws_iam_policy.user_restricted_policy",
            "aws_iam_user.project_users"
          ]
        },
        {
          "index_key": "vishnu.kosuri121212@gmail.com",
          "schema_version": 0,
          "attributes": {
            "id": "vishnu.kosuri121212@gmail.com-20260101064946804200000002",
            "policy_arn": "arn:aws:iam::312846473135:policy/UserS3AndKeyRotationPolicy",
            "user": "vishnu.kosuri121212@gmail.com"
          },
          "sensitive_attributes": [],
          "identity_schema_version": 0,
          "private": "bnVsbA==",
          "dependencies": [
            "aws_iam_policy.user_restricted_policy",
            "aws_iam_user.project_users"
          ]
        }
      ]
    },
    {
      "mode": "managed",
      "type": "aws_s3_bucket",
      "name": "shared_storage",
      "provider": "provider[\"registry.terraform.io/hashicorp/aws\"]",
      "instances": [
        {
          "schema_version": 0,
          "attributes": {
            "acceleration_status": "",
            "acl": null,
            "arn": "arn:aws:s3:::vishnu-pooja-storage-2025",
            "bucket": "vishnu-pooja-storage-2025",
            "bucket_domain_name": "vishnu-pooja-storage-2025.s3.amazonaws.com",
            "bucket_prefix": "",
            "bucket_regional_domain_name": "vishnu-pooja-storage-2025.s3.us-east-1.amazonaws.com",
            "cors_rule": [],
            "force_destroy": false,
            "grant": [
              {
                "id": "1cf4c7242c59414e80d9bb081419ddbdf559881694ebdcfd28bba768150927df",
                "permissions": [
                  "FULL_CONTROL"
                ],
                "type": "CanonicalUser",
                "uri": ""
              }
            ],
            "hosted_zone_id": "Z3AQBSTGFYJSTF",
            "id": "vishnu-pooja-storage-2025",
            "lifecycle_rule": [],
            "logging": [],
            "object_lock_configuration": [],
            "object_lock_enabled": false,
            "policy": "",
            "region": "us-east-1",
            "replication_configuration": [],
            "request_payer": "BucketOwner",
            "server_side_encryption_configuration": [
              {
                "rule": [
                  {
                    "apply_server_side_encryption_by_default": [
                      {
                        "kms_master_key_id": "",
                        "sse_algorithm": "AES256"
                      }
                    ],
                    "bucket_key_enabled": false
                  }
                ]
              }
            ],
            "tags": null,
            "tags_all": {},
            "timeouts": null,
            "versioning": [
              {
                "enabled": false,
                "mfa_delete": false
              }
            ],
            "website": [],
            "website_domain": null,
            "website_endpoint": null
          },
          "sensitive_attributes": [],
          "identity_schema_version": 0,
          "private": "eyJlMmJmYjczMC1lY2FhLTExZTYtOGY4OC0zNDM2M2JjN2M0YzAiOnsiY3JlYXRlIjoxMjAwMDAwMDAwMDAwLCJkZWxldGUiOjM2MDAwMDAwMDAwMDAsInJlYWQiOjEyMDAwMDAwMDAwMDAsInVwZGF0ZSI6MTIwMDAwMDAwMDAwMH19"
        }
      ]
    }
  ],
  "check_results": null
}
